
Microsoft Visual Studio Solution File, Format Version 12.00
# Visual Studio Version 17
VisualStudioVersion = 17.2.32630.192
MinimumVisualStudioVersion = 10.0.40219.1
Project("{9A19103F-16F7-4668-BE54-9A1E7A4F7556}") = "Flights.Api", "Flights.Api.csproj", "{BEBC9BCA-C79C-4329-A614-2F4DDA365062}"
EndProject
Project("{9A19103F-16F7-4668-BE54-9A1E7A4F7556}") = "flights.Domain", "..\flights.Domain\flights.Domain.csproj", "{F9AAC90B-5459-4524-813F-1C6467DF1ABC}"
EndProject
Project("{9A19103F-16F7-4668-BE54-9A1E7A4F7556}") = "flights.Infrastructure", "..\flights.Infrastructure\flights.Infrastructure.csproj", "{0D6A5572-0E37-48D5-AB5A-1ED56D039C1A}"
EndProject
Project("{9A19103F-16F7-4668-BE54-9A1E7A4F7556}") = "flights.services", "..\flights.services\flights.services.csproj", "{55DFE8E3-A5D1-4A9A-861F-D614C5AAFC51}"
EndProject
Project("{FAE04EC0-301F-11D3-BF4B-00C04F79EFBC}") = "Fligth.Common", "..\Fligth.Common\Fligth.Common.csproj", "{EB99FB2A-B0A3-4752-887D-2839B9040E15}"
EndProject
Global
	GlobalSection(SolutionConfigurationPlatforms) = preSolution
		Debug|Any CPU = Debug|Any CPU
		Release|Any CPU = Release|Any CPU
	EndGlobalSection
	GlobalSection(ProjectConfigurationPlatforms) = postSolution
		{BEBC9BCA-C79C-4329-A614-2F4DDA365062}.Debug|Any CPU.ActiveCfg = Debug|Any CPU
		{BEBC9BCA-C79C-4329-A614-2F4DDA365062}.Debug|Any CPU.Build.0 = Debug|Any CPU
		{BEBC9BCA-C79C-4329-A614-2F4DDA365062}.Release|Any CPU.ActiveCfg = Release|Any CPU
		{BEBC9BCA-C79C-4329-A614-2F4DDA365062}.Release|Any CPU.Build.0 = Release|Any CPU
		{F9AAC90B-5459-4524-813F-1C6467DF1ABC}.Debug|Any CPU.ActiveCfg = Debug|Any CPU
		{F9AAC90B-5459-4524-813F-1C6467DF1ABC}.Debug|Any CPU.Build.0 = Debug|Any CPU
		{F9AAC90B-5459-4524-813F-1C6467DF1ABC}.Release|Any CPU.ActiveCfg = Release|Any CPU
		{F9AAC90B-5459-4524-813F-1C6467DF1ABC}.Release|Any CPU.Build.0 = Release|Any CPU
		{0D6A5572-0E37-48D5-AB5A-1ED56D039C1A}.Debug|Any CPU.ActiveCfg = Debug|Any CPU
		{0D6A5572-0E37-48D5-AB5A-1ED56D039C1A}.Debug|Any CPU.Build.0 = Debug|Any CPU
		{0D6A5572-0E37-48D5-AB5A-1ED56D039C1A}.Release|Any CPU.ActiveCfg = Release|Any CPU
		{0D6A5572-0E37-48D5-AB5A-1ED56D039C1A}.Release|Any CPU.Build.0 = Release|Any CPU
		{55DFE8E3-A5D1-4A9A-861F-D614C5AAFC51}.Debug|Any CPU.ActiveCfg = Debug|Any CPU
		{55DFE8E3-A5D1-4A9A-861F-D614C5AAFC51}.Debug|Any CPU.Build.0 = Debug|Any CPU
		{55DFE8E3-A5D1-4A9A-861F-D614C5AAFC51}.Release|Any CPU.ActiveCfg = Release|Any CPU
		{55DFE8E3-A5D1-4A9A-861F-D614C5AAFC51}.Release|Any CPU.Build.0 = Release|Any CPU
		{EB99FB2A-B0A3-4752-887D-2839B9040E15}.Debug|Any CPU.ActiveCfg = Debug|Any CPU
		{EB99FB2A-B0A3-4752-887D-2839B9040E15}.Debug|Any CPU.Build.0 = Debug|Any CPU
		{EB99FB2A-B0A3-4752-887D-2839B9040E15}.Release|Any CPU.ActiveCfg = Release|Any CPU
		{EB99FB2A-B0A3-4752-887D-2839B9040E15}.Release|Any CPU.Build.0 = Release|Any CPU
	EndGlobalSection
	GlobalSection(SolutionProperties) = preSolution
		HideSolutionNode = FALSE
	EndGlobalSection
	GlobalSection(ExtensibilityGlobals) = postSolution
		SolutionGuid = {D4230421-0061-41C1-A9C4-8AA45D470101}
	EndGlobalSection
EndGlobal
